// !$*UTF8*$!
{
	archiveVersion = 1;
	classes = {
	};
	objectVersion = 77;
	objects = {

/* Begin PBXContainerItemProxy section */
		04863FB02F4446D300BDED71 /* PBXContainerItemProxy */ = {
			isa = PBXContainerItemProxy;
			containerPortal = 04863F9A2F4446D100BDED71 /* Project object */;
			proxyType = 1;
			remoteGlobalIDString = 04863FA12F4446D100BDED71;
			remoteInfo = SecureJournalistApp;
		};
		04863FBA2F4446D300BDED71 /* PBXContainerItemProxy */ = {
			isa = PBXContainerItemProxy;
			containerPortal = 04863F9A2F4446D100BDED71 /* Project object */;
			proxyType = 1;
			remoteGlobalIDString = 04863FA12F4446D100BDED71;
			remoteInfo = SecureJournalistApp;
		};
/* End PBXContainerItemProxy section */

/* Begin PBXFileReference section */
		04863FA22F4446D100BDED71 /* Schat.app */ = {isa = PBXFileReference; explicitFileType = wrapper.application; includeInIndex = 0; path = Schat.app; sourceTree = BUILT_PRODUCTS_DIR; };
		04863FAF2F4446D300BDED71 /* SecureJournalistAppTests.xctest */ = {isa = PBXFileReference; explicitFileType = wrapper.cfbundle; includeInIndex = 0; path = SecureJournalistAppTests.xctest; sourceTree = BUILT_PRODUCTS_DIR; };
		04863FB92F4446D300BDED71 /* SecureJournalistAppUITests.xctest */ = {isa = PBXFileReference; explicitFileType = wrapper.cfbundle; includeInIndex = 0; path = SecureJournalistAppUITests.xctest; sourceTree = BUILT_PRODUCTS_DIR; };
/* End PBXFileReference section */

/* Begin PBXFileSystemSynchronizedRootGroup section */
		04863FA42F4446D100BDED71 /* SecureJournalistApp */ = {
			isa = PBXFileSystemSynchronizedRootGroup;
			path = SecureJournalistApp;
			sourceTree = "<group>";
		};
		04863FB22F4446D300BDED71 /* SecureJournalistAppTests */ = {
			isa = PBXFileSystemSynchronizedRootGroup;
			path = SecureJournalistAppTests;
			sourceTree = "<group>";
		};
		04863FBC2F4446D300BDED71 /* SecureJournalistAppUITests */ = {
			isa = PBXFileSystemSynchronizedRootGroup;
			path = SecureJournalistAppUITests;
			sourceTree = "<group>";
		};
/* End PBXFileSystemSynchronizedRootGroup section */

/* Begin PBXFrameworksBuildPhase section */
		04863F9F2F4446D100BDED71 /* Frameworks */ = {
			isa = PBXFrameworksBuildPhase;
			buildActionMask = 2147483647;
			files = (
			);
			runOnlyForDeploymentPostprocessing = 0;
		};
		04863FAC2F4446D300BDED71 /* Frameworks */ = {
			isa = PBXFrameworksBuildPhase;
			buildActionMask = 2147483647;
			files = (
			);
			runOnlyForDeploymentPostprocessing = 0;
		};
		04863FB62F4446D300BDED71 /* Frameworks */ = {
			isa = PBXFrameworksBuildPhase;
			buildActionMask = 2147483647;
			files = (
			);
			runOnlyForDeploymentPostprocessing = 0;
		};
/* End PBXFrameworksBuildPhase section */

/* Begin PBXGroup section */
		04863F992F4446D100BDED71 = {
			isa = PBXGroup;
			children = (
				04863FA42F4446D100BDED71 /* SecureJournalistApp */,
				04863FB22F4446D300BDED71 /* SecureJournalistAppTests */,
				04863FBC2F4446D300BDED71 /* SecureJournalistAppUITests */,
				04863FA32F4446D100BDED71 /* Products */,
			);
			sourceTree = "<group>";
		};
		04863FA32F4446D100BDED71 /* Products */ = {
			isa = PBXGroup;
			children = (
				04863FA22F4446D100BDED71 /* Schat.app */,
				04863FAF2F4446D300BDED71 /* SecureJournalistAppTests.xctest */,
				04863FB92F4446D300BDED71 /* SecureJournalistAppUITests.xctest */,
			);
			name = Products;
			sourceTree = "<group>";
		};
/* End PBXGroup section */

/* Begin PBXNativeTarget section */
		04863FA12F4446D100BDED71 /* SecureJournalistApp */ = {
			isa = PBXNativeTarget;
			buildConfigurationList = 04863FC32F4446D300BDED71 /* Build configuration list for PBXNativeTarget "SecureJournalistApp" */;
			buildPhases = (
				04863F9E2F4446D100BDED71 /* Sources */,
				04863F9F2F4446D100BDED71 /* Frameworks */,
				04863FA02F4446D100BDED71 /* Resources */,
			);
			buildRules = (
			);
			dependencies = (
			);
			fileSystemSynchronizedGroups = (
				04863FA42F4446D100BDED71 /* SecureJournalistApp */,
			);
			name = SecureJournalistApp;
			packageProductDependencies = (
			);
			productName = SecureJournalistApp;
			productReference = 04863FA22F4446D100BDED71 /* Schat.app */;
			productType = "com.apple.product-type.application";
		};
		04863FAE2F4446D300BDED71 /* SecureJournalistAppTests */ = {
			isa = PBXNativeTarget;
			buildConfigurationList = 04863FC62F4446D300BDED71 /* Build configuration list for PBXNativeTarget "SecureJournalistAppTests" */;
			buildPhases = (
				04863FAB2F4446D300BDED71 /* Sources */,
				04863FAC2F4446D300BDED71 /* Frameworks */,
				04863FAD2F4446D300BDED71 /* Resources */,
			);
			buildRules = (
			);
			dependencies = (
				04863FB12F4446D300BDED71 /* PBXTargetDependency */,
			);
			fileSystemSynchronizedGroups = (
				04863FB22F4446D300BDED71 /* SecureJournalistAppTests */,
			);
			name = SecureJournalistAppTests;
			packageProductDependencies = (
			);
			productName = SecureJournalistAppTests;
			productReference = 04863FAF2F4446D300BDED71 /* SecureJournalistAppTests.xctest */;
			productType = "com.apple.product-type.bundle.unit-test";
		};
		04863FB82F4446D300BDED71 /* SecureJournalistAppUITests */ = {
			isa = PBXNativeTarget;
			buildConfigurationList = 04863FC92F4446D300BDED71 /* Build configuration list for PBXNativeTarget "SecureJournalistAppUITests" */;
			buildPhases = (
				04863FB52F4446D300BDED71 /* Sources */,
				04863FB62F4446D300BDED71 /* Frameworks */,
				04863FB72F4446D300BDED71 /* Resources */,
			);
			buildRules = (
			);
			dependencies = (
				04863FBB2F4446D300BDED71 /* PBXTargetDependency */,
			);
			fileSystemSynchronizedGroups = (
				04863FBC2F4446D300BDED71 /* SecureJournalistAppUITests */,
			);
			name = SecureJournalistAppUITests;
			packageProductDependencies = (
			);
			productName = SecureJournalistAppUITests;
			productReference = 04863FB92F4446D300BDED71 /* SecureJournalistAppUITests.xctest */;
			productType = "com.apple.product-type.bundle.ui-testing";
		};
/* End PBXNativeTarget section */

/* Begin PBXProject section */
		04863F9A2F4446D100BDED71 /* Project object */ = {
			isa = PBXProject;
			attributes = {
				BuildIndependentTargetsInParallel = 1;
				LastSwiftUpdateCheck = 2600;
				LastUpgradeCheck = 2600;
				TargetAttributes = {
					04863FA12F4446D100BDED71 = {
						CreatedOnToolsVersion = 26.0.1;
					};
					04863FAE2F4446D300BDED71 = {
						CreatedOnToolsVersion = 26.0.1;
						TestTargetID = 04863FA12F4446D100BDED71;
					};
					04863FB82F4446D300BDED71 = {
						CreatedOnToolsVersion = 26.0.1;
						TestTargetID = 04863FA12F4446D100BDED71;
					};
				};
			};
			buildConfigurationList = 04863F9D2F4446D100BDED71 /* Build configuration list for PBXProject "SecureJournalistApp" */;
			developmentRegion = en;
			hasScannedForEncodings = 0;
			knownRegions = (
				en,
				Base,
			);
			mainGroup = 04863F992F4446D100BDED71;
			minimizedProjectReferenceProxies = 1;
			preferredProjectObjectVersion = 77;
			productRefGroup = 04863FA32F4446D100BDED71 /* Products */;
			projectDirPath = "";
			projectRoot = "";
			targets = (
				04863FA12F4446D100BDED71 /* SecureJournalistApp */,
				04863FAE2F4446D300BDED71 /* SecureJournalistAppTests */,
				04863FB82F4446D300BDED71 /* SecureJournalistAppUITests */,
			);
		};
/* End PBXProject section */

/* Begin PBXResourcesBuildPhase section */
		04863FA02F4446D100BDED71 /* Resources */ = {
			isa = PBXResourcesBuildPhase;
			buildActionMask = 2147483647;
			files = (
			);
			runOnlyForDeploymentPostprocessing = 0;
		};
		04863FAD2F4446D300BDED71 /* Resources */ = {
			isa = PBXResourcesBuildPhase;
			buildActionMask = 2147483647;
			files = (
			);
			runOnlyForDeploymentPostprocessing = 0;
		};
		04863FB72F4446D300BDED71 /* Resources */ = {
			isa = PBXResourcesBuildPhase;
			buildActionMask = 2147483647;
			files = (
			);
			runOnlyForDeploymentPostprocessing = 0;
		};
/* End PBXResourcesBuildPhase section */

/* Begin PBXSourcesBuildPhase section */
		04863F9E2F4446D100BDED71 /* Sources */ = {
			isa = PBXSourcesBuildPhase;
			buildActionMask = 2147483647;
			files = (
			);
			runOnlyForDeploymentPostprocessing = 0;
		};
		04863FAB2F4446D300BDED71 /* Sources */ = {
			isa = PBXSourcesBuildPhase;
			buildActionMask = 2147483647;
			files = (
			);
			runOnlyForDeploymentPostprocessing = 0;
		};
		04863FB52F4446D300BDED71 /* Sources */ = {
			isa = PBXSourcesBuildPhase;
			buildActionMask = 2147483647;
			files = (
			);
			runOnlyForDeploymentPostprocessing = 0;
		};
/* End PBXSourcesBuildPhase section */

/* Begin PBXTargetDependency section */
		04863FB12F4446D300BDED71 /* PBXTargetDependency */ = {
			isa = PBXTargetDependency;
			target = 04863FA12F4446D100BDED71 /* SecureJournalistApp */;
			targetProxy = 04863FB02F4446D300BDED71 /* PBXContainerItemProxy */;
		};
		04863FBB2F4446D300BDED71 /* PBXTargetDependency */ = {
			isa = PBXTargetDependency;
			target = 04863FA12F4446D100BDED71 /* SecureJournalistApp */;
			targetProxy = 04863FBA2F4446D300BDED71 /* PBXContainerItemProxy */;
		};
/* End PBXTargetDependency section */

/* Begin XCBuildConfiguration section */
		04863FC12F4446D300BDED71 /* Debug */ = {
			isa = XCBuildConfiguration;
			buildSettings = {
				ALWAYS_SEARCH_USER_PATHS = NO;
				ASSETCATALOG_COMPILER_GENERATE_SWIFT_ASSET_SYMBOL_EXTENSIONS = YES;
				CLANG_ANALYZER_NONNULL = YES;
				CLANG_ANALYZER_NUMBER_OBJECT_CONVERSION = YES_AGGRESSIVE;
				CLANG_CXX_LANGUAGE_STANDARD = "gnu++20";
				CLANG_ENABLE_MODULES = YES;
				CLANG_ENABLE_OBJC_ARC = YES;
				CLANG_ENABLE_OBJC_WEAK = YES;
				CLANG_WARN_BLOCK_CAPTURE_AUTORELEASING = YES;
				CLANG_WARN_BOOL_CONVERSION = YES;
				CLANG_WARN_COMMA = YES;
				CLANG_WARN_CONSTANT_CONVERSION = YES;
				CLANG_WARN_DEPRECATED_OBJC_IMPLEMENTATIONS = YES;
				CLANG_WARN_DIRECT_OBJC_ISA_USAGE = YES_ERROR;
				CLANG_WARN_DOCUMENTATION_COMMENTS = YES;
				CLANG_WARN_EMPTY_BODY = YES;
				CLANG_WARN_ENUM_CONVERSION = YES;
				CLANG_WARN_INFINITE_RECURSION = YES;
				CLANG_WARN_INT_CONVERSION = YES;
				CLANG_WARN_NON_LITERAL_NULL_CONVERSION = YES;
				CLANG_WARN_OBJC_IMPLICIT_RETAIN_SELF = YES;
				CLANG_WARN_OBJC_LITERAL_CONVERSION = YES;
				CLANG_WARN_OBJC_ROOT_CLASS = YES_ERROR;
				CLANG_WARN_QUOTED_INCLUDE_IN_FRAMEWORK_HEADER = YES;
				CLANG_WARN_RANGE_LOOP_ANALYSIS = YES;
				CLANG_WARN_STRICT_PROTOTYPES = YES;
				CLANG_WARN_SUSPICIOUS_MOVE = YES;
				CLANG_WARN_UNGUARDED_AVAILABILITY = YES_AGGRESSIVE;
				CLANG_WARN_UNREACHABLE_CODE = YES;
				CLANG_WARN__DUPLICATE_METHOD_MATCH = YES;
				COPY_PHASE_STRIP = NO;
				DEBUG_INFORMATION_FORMAT = dwarf;
				DEVELOPMENT_TEAM = 98Y6GRMSNC;
				ENABLE_STRICT_OBJC_MSGSEND = YES;
				ENABLE_TESTABILITY = YES;
				ENABLE_USER_SCRIPT_SANDBOXING = YES;
				GCC_C_LANGUAGE_STANDARD = gnu17;
				GCC_DYNAMIC_NO_PIC = NO;
				GCC_NO_COMMON_BLOCKS = YES;
				GCC_OPTIMIZATION_LEVEL = 0;
				GCC_PREPROCESSOR_DEFINITIONS = (
					"DEBUG=1",
					"$(inherited)",
				);
				GCC_WARN_64_TO_32_BIT_CONVERSION = YES;
				GCC_WARN_ABOUT_RETURN_TYPE = YES_ERROR;
				GCC_WARN_UNDECLARED_SELECTOR = YES;
				GCC_WARN_UNINITIALIZED_AUTOS = YES_AGGRESSIVE;
				GCC_WARN_UNUSED_FUNCTION = YES;
				GCC_WARN_UNUSED_VARIABLE = YES;
				IPHONEOS_DEPLOYMENT_TARGET = 26.0;
				LOCALIZATION_PREFERS_STRING_CATALOGS = YES;
				MTL_ENABLE_DEBUG_INFO = INCLUDE_SOURCE;
				MTL_FAST_MATH = YES;
				ONLY_ACTIVE_ARCH = YES;
				SDKROOT = iphoneos;
				SWIFT_ACTIVE_COMPILATION_CONDITIONS = "DEBUG $(inherited)";
				SWIFT_OPTIMIZATION_LEVEL = "-Onone";
			};
			name = Debug;
		};
		04863FC22F4446D300BDED71 /* Release */ = {
			isa = XCBuildConfiguration;
			buildSettings = {
				ALWAYS_SEARCH_USER_PATHS = NO;
				ASSETCATALOG_COMPILER_GENERATE_SWIFT_ASSET_SYMBOL_EXTENSIONS = YES;
				CLANG_ANALYZER_NONNULL = YES;
				CLANG_ANALYZER_NUMBER_OBJECT_CONVERSION = YES_AGGRESSIVE;
				CLANG_CXX_LANGUAGE_STANDARD = "gnu++20";
				CLANG_ENABLE_MODULES = YES;
				CLANG_ENABLE_OBJC_ARC = YES;
				CLANG_ENABLE_OBJC_WEAK = YES;
				CLANG_WARN_BLOCK_CAPTURE_AUTORELEASING = YES;
				CLANG_WARN_BOOL_CONVERSION = YES;
				CLANG_WARN_COMMA = YES;
				CLANG_WARN_CONSTANT_CONVERSION = YES;
				CLANG_WARN_DEPRECATED_OBJC_IMPLEMENTATIONS = YES;
				CLANG_WARN_DIRECT_OBJC_ISA_USAGE = YES_ERROR;
				CLANG_WARN_DOCUMENTATION_COMMENTS = YES;
				CLANG_WARN_EMPTY_BODY = YES;
				CLANG_WARN_ENUM_CONVERSION = YES;
				CLANG_WARN_INFINITE_RECURSION = YES;
				CLANG_WARN_INT_CONVERSION = YES;
				CLANG_WARN_NON_LITERAL_NULL_CONVERSION = YES;
				CLANG_WARN_OBJC_IMPLICIT_RETAIN_SELF = YES;
				CLANG_WARN_OBJC_LITERAL_CONVERSION = YES;
				CLANG_WARN_OBJC_ROOT_CLASS = YES_ERROR;
				CLANG_WARN_QUOTED_INCLUDE_IN_FRAMEWORK_HEADER = YES;
				CLANG_WARN_RANGE_LOOP_ANALYSIS = YES;
				CLANG_WARN_STRICT_PROTOTYPES = YES;
				CLANG_WARN_SUSPICIOUS_MOVE = YES;
				CLANG_WARN_UNGUARDED_AVAILABILITY = YES_AGGRESSIVE;
				CLANG_WARN_UNREACHABLE_CODE = YES;
				CLANG_WARN__DUPLICATE_METHOD_MATCH = YES;
				COPY_PHASE_STRIP = NO;
				DEBUG_INFORMATION_FORMAT = "dwarf-with-dsym";
				DEVELOPMENT_TEAM = 98Y6GRMSNC;
				ENABLE_NS_ASSERTIONS = NO;
				ENABLE_STRICT_OBJC_MSGSEND = YES;
				ENABLE_USER_SCRIPT_SANDBOXING = YES;
				GCC_C_LANGUAGE_STANDARD = gnu17;
				GCC_NO_COMMON_BLOCKS = YES;
				GCC_WARN_64_TO_32_BIT_CONVERSION = YES;
				GCC_WARN_ABOUT_RETURN_TYPE = YES_ERROR;
				GCC_WARN_UNDECLARED_SELECTOR = YES;
				GCC_WARN_UNINITIALIZED_AUTOS = YES_AGGRESSIVE;
				GCC_WARN_UNUSED_FUNCTION = YES;
				GCC_WARN_UNUSED_VARIABLE = YES;
				IPHONEOS_DEPLOYMENT_TARGET = 26.0;
				LOCALIZATION_PREFERS_STRING_CATALOGS = YES;
				MTL_ENABLE_DEBUG_INFO = NO;
				MTL_FAST_MATH = YES;
				SDKROOT = iphoneos;
				SWIFT_COMPILATION_MODE = wholemodule;
				VALIDATE_PRODUCT = YES;
			};
			name = Release;
		};
		04863FC42F4446D300BDED71 /* Debug */ = {
			isa = XCBuildConfiguration;
			buildSettings = {
				ASSETCATALOG_COMPILER_APPICON_NAME = AppIcon;
				ASSETCATALOG_COMPILER_GLOBAL_ACCENT_COLOR_NAME = AccentColor;
				CODE_SIGN_STYLE = Automatic;
				CURRENT_PROJECT_VERSION = 1;
				DEVELOPMENT_TEAM = 98Y6GRMSNC;
				ENABLE_PREVIEWS = YES;
				GENERATE_INFOPLIST_FILE = YES;
				INFOPLIST_KEY_NSCameraUsageDescription = "Aplikasi membutuhkan kamera untuk mengambil foto sebagai media pengirim pesan.";
				INFOPLIST_KEY_NSMicrophoneUsageDescription = "Aplikasi membutuhkan mikrofon untuk merekam audio berita.";
				INFOPLIST_KEY_NSPhotoLibraryAddUsageDescription = "Aplikasi perlu menyimpan gambar hasil enkripsi ke galeri.";
				INFOPLIST_KEY_UIApplicationSceneManifest_Generation = YES;
				INFOPLIST_KEY_UIApplicationSupportsIndirectInputEvents = YES;
				INFOPLIST_KEY_UILaunchScreen_Generation = YES;
				INFOPLIST_KEY_UISupportedInterfaceOrientations_iPad = "UIInterfaceOrientationPortrait UIInterfaceOrientationPortraitUpsideDown UIInterfaceOrientationLandscapeLeft UIInterfaceOrientationLandscapeRight";
				INFOPLIST_KEY_UISupportedInterfaceOrientations_iPhone = "UIInterfaceOrientationPortrait UIInterfaceOrientationLandscapeLeft UIInterfaceOrientationLandscapeRight";
				INFOPLIST_KEY_UIUserInterfaceStyle = Light;
				LD_RUNPATH_SEARCH_PATHS = (
					"$(inherited)",
					"@executable_path/Frameworks",
				);
				MARKETING_VERSION = 1.0;
				PRODUCT_BUNDLE_IDENTIFIER = kemas.SecureJournalistApp;
				PRODUCT_NAME = Schat;
				STRING_CATALOG_GENERATE_SYMBOLS = YES;
				SWIFT_APPROACHABLE_CONCURRENCY = YES;
				SWIFT_DEFAULT_ACTOR_ISOLATION = MainActor;
				SWIFT_EMIT_LOC_STRINGS = YES;
				SWIFT_UPCOMING_FEATURE_MEMBER_IMPORT_VISIBILITY = YES;
				SWIFT_VERSION = 5.0;
				TARGETED_DEVICE_FAMILY = "1,2";
			};
			name = Debug;
		};
		04863FC52F4446D300BDED71 /* Release */ = {
			isa = XCBuildConfiguration;
			buildSettings = {
				ASSETCATALOG_COMPILER_APPICON_NAME = AppIcon;
				ASSETCATALOG_COMPILER_GLOBAL_ACCENT_COLOR_NAME = AccentColor;
				CODE_SIGN_STYLE = Automatic;
				CURRENT_PROJECT_VERSION = 1;
				DEVELOPMENT_TEAM = 98Y6GRMSNC;
				ENABLE_PREVIEWS = YES;
				GENERATE_INFOPLIST_FILE = YES;
				INFOPLIST_KEY_NSCameraUsageDescription = "Aplikasi membutuhkan kamera untuk mengambil foto sebagai media pengirim pesan.";
				INFOPLIST_KEY_NSMicrophoneUsageDescription = "Aplikasi membutuhkan mikrofon untuk merekam audio berita.";
				INFOPLIST_KEY_NSPhotoLibraryAddUsageDescription = "Aplikasi perlu menyimpan gambar hasil enkripsi ke galeri.";
				INFOPLIST_KEY_UIApplicationSceneManifest_Generation = YES;
				INFOPLIST_KEY_UIApplicationSupportsIndirectInputEvents = YES;
				INFOPLIST_KEY_UILaunchScreen_Generation = YES;
				INFOPLIST_KEY_UISupportedInterfaceOrientations_iPad = "UIInterfaceOrientationPortrait UIInterfaceOrientationPortraitUpsideDown UIInterfaceOrientationLandscapeLeft UIInterfaceOrientationLandscapeRight";
				INFOPLIST_KEY_UISupportedInterfaceOrientations_iPhone = "UIInterfaceOrientationPortrait UIInterfaceOrientationLandscapeLeft UIInterfaceOrientationLandscapeRight";
				INFOPLIST_KEY_UIUserInterfaceStyle = Light;
				LD_RUNPATH_SEARCH_PATHS = (
					"$(inherited)",
					"@executable_path/Frameworks",
				);
				MARKETING_VERSION = 1.0;
				PRODUCT_BUNDLE_IDENTIFIER = kemas.SecureJournalistApp;
				PRODUCT_NAME = Schat;
				STRING_CATALOG_GENERATE_SYMBOLS = YES;
				SWIFT_APPROACHABLE_CONCURRENCY = YES;
				SWIFT_DEFAULT_ACTOR_ISOLATION = MainActor;
				SWIFT_EMIT_LOC_STRINGS = YES;
				SWIFT_UPCOMING_FEATURE_MEMBER_IMPORT_VISIBILITY = YES;
				SWIFT_VERSION = 5.0;
				TARGETED_DEVICE_FAMILY = "1,2";
			};
			name = Release;
		};
		04863FC72F4446D300BDED71 /* Debug */ = {
			isa = XCBuildConfiguration;
			buildSettings = {
				BUNDLE_LOADER = "$(TEST_HOST)";
				CODE_SIGN_STYLE = Automatic;
				CURRENT_PROJECT_VERSION = 1;
				DEVELOPMENT_TEAM = 98Y6GRMSNC;
				GENERATE_INFOPLIST_FILE = YES;
				IPHONEOS_DEPLOYMENT_TARGET = 26.0;
				MARKETING_VERSION = 1.0;
				PRODUCT_BUNDLE_IDENTIFIER = kemas.SecureJournalistAppTests;
				PRODUCT_NAME = "$(TARGET_NAME)";
				STRING_CATALOG_GENERATE_SYMBOLS = NO;
				SWIFT_APPROACHABLE_CONCURRENCY = YES;
				SWIFT_EMIT_LOC_STRINGS = NO;
				SWIFT_UPCOMING_FEATURE_MEMBER_IMPORT_VISIBILITY = YES;
				SWIFT_VERSION = 5.0;
				TARGETED_DEVICE_FAMILY = "1,2";
				TEST_HOST = "$(BUILT_PRODUCTS_DIR)/SecureJournalistApp.app/$(BUNDLE_EXECUTABLE_FOLDER_PATH)/SecureJournalistApp";
			};
			name = Debug;
		};
		04863FC82F4446D300BDED71 /* Release */ = {
			isa = XCBuildConfiguration;
			buildSettings = {
				BUNDLE_LOADER = "$(TEST_HOST)";
				CODE_SIGN_STYLE = Automatic;
				CURRENT_PROJECT_VERSION = 1;
				DEVELOPMENT_TEAM = 98Y6GRMSNC;
				GENERATE_INFOPLIST_FILE = YES;
				IPHONEOS_DEPLOYMENT_TARGET = 26.0;
				MARKETING_VERSION = 1.0;
				PRODUCT_BUNDLE_IDENTIFIER = kemas.SecureJournalistAppTests;
				PRODUCT_NAME = "$(TARGET_NAME)";
				STRING_CATALOG_GENERATE_SYMBOLS = NO;
				SWIFT_APPROACHABLE_CONCURRENCY = YES;
				SWIFT_EMIT_LOC_STRINGS = NO;
				SWIFT_UPCOMING_FEATURE_MEMBER_IMPORT_VISIBILITY = YES;
				SWIFT_VERSION = 5.0;
				TARGETED_DEVICE_FAMILY = "1,2";
				TEST_HOST = "$(BUILT_PRODUCTS_DIR)/SecureJournalistApp.app/$(BUNDLE_EXECUTABLE_FOLDER_PATH)/SecureJournalistApp";
			};
			name = Release;
		};
		04863FCA2F4446D300BDED71 /* Debug */ = {
			isa = XCBuildConfiguration;
			buildSettings = {
				CODE_SIGN_STYLE = Automatic;
				CURRENT_PROJECT_VERSION = 1;
				DEVELOPMENT_TEAM = 98Y6GRMSNC;
				GENERATE_INFOPLIST_FILE = YES;
				MARKETING_VERSION = 1.0;
				PRODUCT_BUNDLE_IDENTIFIER = kemas.SecureJournalistAppUITests;
				PRODUCT_NAME = "$(TARGET_NAME)";
				STRING_CATALOG_GENERATE_SYMBOLS = NO;
				SWIFT_APPROACHABLE_CONCURRENCY = YES;
				SWIFT_EMIT_LOC_STRINGS = NO;
				SWIFT_UPCOMING_FEATURE_MEMBER_IMPORT_VISIBILITY = YES;
				SWIFT_VERSION = 5.0;
				TARGETED_DEVICE_FAMILY = "1,2";
				TEST_TARGET_NAME = SecureJournalistApp;
			};
			name = Debug;
		};
		04863FCB2F4446D300BDED71 /* Release */ = {
			isa = XCBuildConfiguration;
			buildSettings = {
				CODE_SIGN_STYLE = Automatic;
				CURRENT_PROJECT_VERSION = 1;
				DEVELOPMENT_TEAM = 98Y6GRMSNC;
				GENERATE_INFOPLIST_FILE = YES;
				MARKETING_VERSION = 1.0;
				PRODUCT_BUNDLE_IDENTIFIER = kemas.SecureJournalistAppUITests;
				PRODUCT_NAME = "$(TARGET_NAME)";
				STRING_CATALOG_GENERATE_SYMBOLS = NO;
				SWIFT_APPROACHABLE_CONCURRENCY = YES;
				SWIFT_EMIT_LOC_STRINGS = NO;
				SWIFT_UPCOMING_FEATURE_MEMBER_IMPORT_VISIBILITY = YES;
				SWIFT_VERSION = 5.0;
				TARGETED_DEVICE_FAMILY = "1,2";
				TEST_TARGET_NAME = SecureJournalistApp;
			};
			name = Release;
		};
/* End XCBuildConfiguration section */

/* Begin XCConfigurationList section */
		04863F9D2F4446D100BDED71 /* Build configuration list for PBXProject "SecureJournalistApp" */ = {
			isa = XCConfigurationList;
			buildConfigurations = (
				04863FC12F4446D300BDED71 /* Debug */,
				04863FC22F4446D300BDED71 /* Release */,
			);
			defaultConfigurationIsVisible = 0;
			defaultConfigurationName = Release;
		};
		04863FC32F4446D300BDED71 /* Build configuration list for PBXNativeTarget "SecureJournalistApp" */ = {
			isa = XCConfigurationList;
			buildConfigurations = (
				04863FC42F4446D300BDED71 /* Debug */,
				04863FC52F4446D300BDED71 /* Release */,
			);
			defaultConfigurationIsVisible = 0;
			defaultConfigurationName = Release;
		};
		04863FC62F4446D300BDED71 /* Build configuration list for PBXNativeTarget "SecureJournalistAppTests" */ = {
			isa = XCConfigurationList;
			buildConfigurations = (
				04863FC72F4446D300BDED71 /* Debug */,
				04863FC82F4446D300BDED71 /* Release */,
			);
			defaultConfigurationIsVisible = 0;
			defaultConfigurationName = Release;
		};
		04863FC92F4446D300BDED71 /* Build configuration list for PBXNativeTarget "SecureJournalistAppUITests" */ = {
			isa = XCConfigurationList;
			buildConfigurations = (
				04863FCA2F4446D300BDED71 /* Debug */,
				04863FCB2F4446D300BDED71 /* Release */,
			);
			defaultConfigurationIsVisible = 0;
			defaultConfigurationName = Release;
		};
/* End XCConfigurationList section */
	};
	rootObject = 04863F9A2F4446D100BDED71 /* Project object */;
}
